// !$*UTF8*$!
{
	archiveVersion = 1;
	classes = {
	};
	objectVersion = 77;
	objects = {

/* Begin PBXBuildFile section */
		F5C845AC2E0B3B1000A22691 /* RealityKitContent in Frameworks */ = {isa = PBXBuildFile; productRef = F5C845AB2E0B3B1000A22691 /* RealityKitContent */; };
/* End PBXBuildFile section */

/* Begin PBXContainerItemProxy section */
		F5C845C22E0B3B1200A22691 /* PBXContainerItemProxy */ = {
			isa = PBXContainerItemProxy;
			containerPortal = F5C8459E2E0B3B0F00A22691 /* Project object */;
			proxyType = 1;
			remoteGlobalIDString = F5C845A52E0B3B0F00A22691;
			remoteInfo = SweatSyncV2Vision;
		};
/* End PBXContainerItemProxy section */

/* Begin PBXFileReference section */
		F5C845A62E0B3B0F00A22691 /* SweatSyncV2Vision.app */ = {isa = PBXFileReference; explicitFileType = wrapper.application; includeInIndex = 0; path = SweatSyncV2Vision.app; sourceTree = BUILT_PRODUCTS_DIR; };
		F5C845AA2E0B3B1000A22691 /* RealityKitContent */ = {isa = PBXFileReference; lastKnownFileType = wrapper; path = RealityKitContent; sourceTree = "<group>"; };
		F5C845C12E0B3B1200A22691 /* SweatSyncV2VisionTests.xctest */ = {isa = PBXFileReference; explicitFileType = wrapper.cfbundle; includeInIndex = 0; path = SweatSyncV2VisionTests.xctest; sourceTree = BUILT_PRODUCTS_DIR; };
/* End PBXFileReference section */

/* Begin PBXFileSystemSynchronizedBuildFileExceptionSet section */
		F5C845C72E0B3B1200A22691 /* Exceptions for "SweatSyncV2Vision" folder in "SweatSyncV2Vision" target */ = {
			isa = PBXFileSystemSynchronizedBuildFileExceptionSet;
			membershipExceptions = (
				Info.plist,
			);
			target = F5C845A52E0B3B0F00A22691 /* SweatSyncV2Vision */;
		};
/* End PBXFileSystemSynchronizedBuildFileExceptionSet section */

/* Begin PBXFileSystemSynchronizedRootGroup section */
		F5C845A82E0B3B0F00A22691 /* SweatSyncV2Vision */ = {
			isa = PBXFileSystemSynchronizedRootGroup;
			exceptions = (
				F5C845C72E0B3B1200A22691 /* Exceptions for "SweatSyncV2Vision" folder in "SweatSyncV2Vision" target */,
			);
			path = SweatSyncV2Vision;
			sourceTree = "<group>";
		};
		F5C845C42E0B3B1200A22691 /* SweatSyncV2VisionTests */ = {
			isa = PBXFileSystemSynchronizedRootGroup;
			path = SweatSyncV2VisionTests;
			sourceTree = "<group>";
		};
/* End PBXFileSystemSynchronizedRootGroup section */

/* Begin PBXFrameworksBuildPhase section */
		F5C845A32E0B3B0F00A22691 /* Frameworks */ = {
			isa = PBXFrameworksBuildPhase;
			buildActionMask = 2147483647;
			files = (
				F5C845AC2E0B3B1000A22691 /* RealityKitContent in Frameworks */,
			);
			runOnlyForDeploymentPostprocessing = 0;
		};
		F5C845BE2E0B3B1200A22691 /* Frameworks */ = {
			isa = PBXFrameworksBuildPhase;
			buildActionMask = 2147483647;
			files = (
			);
			runOnlyForDeploymentPostprocessing = 0;
		};
/* End PBXFrameworksBuildPhase section */

/* Begin PBXGroup section */
		F5C8459D2E0B3B0F00A22691 = {
			isa = PBXGroup;
			children = (
				F5C845A82E0B3B0F00A22691 /* SweatSyncV2Vision */,
				F5C845A92E0B3B1000A22691 /* Packages */,
				F5C845C42E0B3B1200A22691 /* SweatSyncV2VisionTests */,
				F5C845A72E0B3B0F00A22691 /* Products */,
			);
			sourceTree = "<group>";
		};
		F5C845A72E0B3B0F00A22691 /* Products */ = {
			isa = PBXGroup;
			children = (
				F5C845A62E0B3B0F00A22691 /* SweatSyncV2Vision.app */,
				F5C845C12E0B3B1200A22691 /* SweatSyncV2VisionTests.xctest */,
			);
			name = Products;
			sourceTree = "<group>";
		};
		F5C845A92E0B3B1000A22691 /* Packages */ = {
			isa = PBXGroup;
			children = (
				F5C845AA2E0B3B1000A22691 /* RealityKitContent */,
			);
			path = Packages;
			sourceTree = "<group>";
		};
/* End PBXGroup section */

/* Begin PBXNativeTarget section */
		F5C845A52E0B3B0F00A22691 /* SweatSyncV2Vision */ = {
			isa = PBXNativeTarget;
			buildConfigurationList = F5C845C82E0B3B1200A22691 /* Build configuration list for PBXNativeTarget "SweatSyncV2Vision" */;
			buildPhases = (
				F5C845A22E0B3B0F00A22691 /* Sources */,
				F5C845A32E0B3B0F00A22691 /* Frameworks */,
				F5C845A42E0B3B0F00A22691 /* Resources */,
			);
			buildRules = (
			);
			dependencies = (
			);
			fileSystemSynchronizedGroups = (
				F5C845A82E0B3B0F00A22691 /* SweatSyncV2Vision */,
			);
			name = SweatSyncV2Vision;
			packageProductDependencies = (
				F5C845AB2E0B3B1000A22691 /* RealityKitContent */,
			);
			productName = SweatSyncV2Vision;
			productReference = F5C845A62E0B3B0F00A22691 /* SweatSyncV2Vision.app */;
			productType = "com.apple.product-type.application";
		};
		F5C845C02E0B3B1200A22691 /* SweatSyncV2VisionTests */ = {
			isa = PBXNativeTarget;
			buildConfigurationList = F5C845CD2E0B3B1200A22691 /* Build configuration list for PBXNativeTarget "SweatSyncV2VisionTests" */;
			buildPhases = (
				F5C845BD2E0B3B1200A22691 /* Sources */,
				F5C845BE2E0B3B1200A22691 /* Frameworks */,
				F5C845BF2E0B3B1200A22691 /* Resources */,
			);
			buildRules = (
			);
			dependencies = (
				F5C845C32E0B3B1200A22691 /* PBXTargetDependency */,
			);
			fileSystemSynchronizedGroups = (
				F5C845C42E0B3B1200A22691 /* SweatSyncV2VisionTests */,
			);
			name = SweatSyncV2VisionTests;
			packageProductDependencies = (
			);
			productName = SweatSyncV2VisionTests;
			productReference = F5C845C12E0B3B1200A22691 /* SweatSyncV2VisionTests.xctest */;
			productType = "com.apple.product-type.bundle.unit-test";
		};
/* End PBXNativeTarget section */

/* Begin PBXProject section */
		F5C8459E2E0B3B0F00A22691 /* Project object */ = {
			isa = PBXProject;
			attributes = {
				BuildIndependentTargetsInParallel = 1;
				LastSwiftUpdateCheck = 1620;
				LastUpgradeCheck = 1620;
				TargetAttributes = {
					F5C845A52E0B3B0F00A22691 = {
						CreatedOnToolsVersion = 16.2;
					};
					F5C845C02E0B3B1200A22691 = {
						CreatedOnToolsVersion = 16.2;
						TestTargetID = F5C845A52E0B3B0F00A22691;
					};
				};
			};
			buildConfigurationList = F5C845A12E0B3B0F00A22691 /* Build configuration list for PBXProject "SweatSyncV2Vision" */;
			developmentRegion = en;
			hasScannedForEncodings = 0;
			knownRegions = (
				en,
				Base,
			);
			mainGroup = F5C8459D2E0B3B0F00A22691;
			minimizedProjectReferenceProxies = 1;
			preferredProjectObjectVersion = 77;
			productRefGroup = F5C845A72E0B3B0F00A22691 /* Products */;
			projectDirPath = "";
			projectRoot = "";
			targets = (
				F5C845A52E0B3B0F00A22691 /* SweatSyncV2Vision */,
				F5C845C02E0B3B1200A22691 /* SweatSyncV2VisionTests */,
			);
		};
/* End PBXProject section */

/* Begin PBXResourcesBuildPhase section */
		F5C845A42E0B3B0F00A22691 /* Resources */ = {
			isa = PBXResourcesBuildPhase;
			buildActionMask = 2147483647;
			files = (
			);
			runOnlyForDeploymentPostprocessing = 0;
		};
		F5C845BF2E0B3B1200A22691 /* Resources */ = {
			isa = PBXResourcesBuildPhase;
			buildActionMask = 2147483647;
			files = (
			);
			runOnlyForDeploymentPostprocessing = 0;
		};
/* End PBXResourcesBuildPhase section */

/* Begin PBXSourcesBuildPhase section */
		F5C845A22E0B3B0F00A22691 /* Sources */ = {
			isa = PBXSourcesBuildPhase;
			buildActionMask = 2147483647;
			files = (
			);
			runOnlyForDeploymentPostprocessing = 0;
		};
		F5C845BD2E0B3B1200A22691 /* Sources */ = {
			isa = PBXSourcesBuildPhase;
			buildActionMask = 2147483647;
			files = (
			);
			runOnlyForDeploymentPostprocessing = 0;
		};
/* End PBXSourcesBuildPhase section */

/* Begin PBXTargetDependency section */
		F5C845C32E0B3B1200A22691 /* PBXTargetDependency */ = {
			isa = PBXTargetDependency;
			target = F5C845A52E0B3B0F00A22691 /* SweatSyncV2Vision */;
			targetProxy = F5C845C22E0B3B1200A22691 /* PBXContainerItemProxy */;
		};
/* End PBXTargetDependency section */

/* Begin XCBuildConfiguration section */
		F5C845C92E0B3B1200A22691 /* Debug */ = {
			isa = XCBuildConfiguration;
			buildSettings = {
				ASSETCATALOG_COMPILER_APPICON_NAME = AppIcon;
				ASSETCATALOG_COMPILER_GLOBAL_ACCENT_COLOR_NAME = AccentColor;
				CODE_SIGN_STYLE = Automatic;
				CURRENT_PROJECT_VERSION = 1;
				DEVELOPMENT_ASSET_PATHS = "\"SweatSyncV2Vision/Preview Content\"";
				ENABLE_PREVIEWS = YES;
				GENERATE_INFOPLIST_FILE = YES;
				INFOPLIST_FILE = "$(TARGET_NAME)/Info.plist";
				LD_RUNPATH_SEARCH_PATHS = (
					"$(inherited)",
					"@executable_path/Frameworks",
				);
				MARKETING_VERSION = 1.0;
				PRODUCT_BUNDLE_IDENTIFIER = com.it21234484.SweatSyncV2Vision;
				PRODUCT_NAME = "$(TARGET_NAME)";
				SUPPORTED_PLATFORMS = "xros xrsimulator";
				SWIFT_EMIT_LOC_STRINGS = YES;
				SWIFT_VERSION = 5.0;
				TARGETED_DEVICE_FAMILY = 7;
			};
			name = Debug;
		};
		F5C845CA2E0B3B1200A22691 /* Release */ = {
			isa = XCBuildConfiguration;
			buildSettings = {
				ASSETCATALOG_COMPILER_APPICON_NAME = AppIcon;
				ASSETCATALOG_COMPILER_GLOBAL_ACCENT_COLOR_NAME = AccentColor;
				CODE_SIGN_STYLE = Automatic;
				CURRENT_PROJECT_VERSION = 1;
				DEVELOPMENT_ASSET_PATHS = "\"SweatSyncV2Vision/Preview Content\"";
				ENABLE_PREVIEWS = YES;
				GENERATE_INFOPLIST_FILE = YES;
				INFOPLIST_FILE = "$(TARGET_NAME)/Info.plist";
				LD_RUNPATH_SEARCH_PATHS = (
					"$(inherited)",
					"@executable_path/Frameworks",
				);
				MARKETING_VERSION = 1.0;
				PRODUCT_BUNDLE_IDENTIFIER = com.it21234484.SweatSyncV2Vision;
				PRODUCT_NAME = "$(TARGET_NAME)";
				SUPPORTED_PLATFORMS = "xros xrsimulator";
				SWIFT_EMIT_LOC_STRINGS = YES;
				SWIFT_VERSION = 5.0;
				TARGETED_DEVICE_FAMILY = 7;
			};
			name = Release;
		};
		F5C845CB2E0B3B1200A22691 /* Debug */ = {
			isa = XCBuildConfiguration;
			buildSettings = {
				ALWAYS_SEARCH_USER_PATHS = NO;
				ASSETCATALOG_COMPILER_GENERATE_SWIFT_ASSET_SYMBOL_EXTENSIONS = YES;
				CLANG_ANALYZER_NONNULL = YES;
				CLANG_ANALYZER_NUMBER_OBJECT_CONVERSION = YES_AGGRESSIVE;
				CLANG_CXX_LANGUAGE_STANDARD = "gnu++20";
				CLANG_ENABLE_MODULES = YES;
				CLANG_ENABLE_OBJC_ARC = YES;
				CLANG_ENABLE_OBJC_WEAK = YES;
				CLANG_WARN_BLOCK_CAPTURE_AUTORELEASING = YES;
				CLANG_WARN_BOOL_CONVERSION = YES;
				CLANG_WARN_COMMA = YES;
				CLANG_WARN_CONSTANT_CONVERSION = YES;
				CLANG_WARN_DEPRECATED_OBJC_IMPLEMENTATIONS = YES;
				CLANG_WARN_DIRECT_OBJC_ISA_USAGE = YES_ERROR;
				CLANG_WARN_DOCUMENTATION_COMMENTS = YES;
				CLANG_WARN_EMPTY_BODY = YES;
				CLANG_WARN_ENUM_CONVERSION = YES;
				CLANG_WARN_INFINITE_RECURSION = YES;
				CLANG_WARN_INT_CONVERSION = YES;
				CLANG_WARN_NON_LITERAL_NULL_CONVERSION = YES;
				CLANG_WARN_OBJC_IMPLICIT_RETAIN_SELF = YES;
				CLANG_WARN_OBJC_LITERAL_CONVERSION = YES;
				CLANG_WARN_OBJC_ROOT_CLASS = YES_ERROR;
				CLANG_WARN_QUOTED_INCLUDE_IN_FRAMEWORK_HEADER = YES;
				CLANG_WARN_RANGE_LOOP_ANALYSIS = YES;
				CLANG_WARN_STRICT_PROTOTYPES = YES;
				CLANG_WARN_SUSPICIOUS_MOVE = YES;
				CLANG_WARN_UNGUARDED_AVAILABILITY = YES_AGGRESSIVE;
				CLANG_WARN_UNREACHABLE_CODE = YES;
				CLANG_WARN__DUPLICATE_METHOD_MATCH = YES;
				COPY_PHASE_STRIP = NO;
				DEBUG_INFORMATION_FORMAT = dwarf;
				ENABLE_STRICT_OBJC_MSGSEND = YES;
				ENABLE_TESTABILITY = YES;
				ENABLE_USER_SCRIPT_SANDBOXING = YES;
				GCC_C_LANGUAGE_STANDARD = gnu17;
				GCC_DYNAMIC_NO_PIC = NO;
				GCC_NO_COMMON_BLOCKS = YES;
				GCC_OPTIMIZATION_LEVEL = 0;
				GCC_PREPROCESSOR_DEFINITIONS = (
					"DEBUG=1",
					"$(inherited)",
				);
				GCC_WARN_64_TO_32_BIT_CONVERSION = YES;
				GCC_WARN_ABOUT_RETURN_TYPE = YES_ERROR;
				GCC_WARN_UNDECLARED_SELECTOR = YES;
				GCC_WARN_UNINITIALIZED_AUTOS = YES_AGGRESSIVE;
				GCC_WARN_UNUSED_FUNCTION = YES;
				GCC_WARN_UNUSED_VARIABLE = YES;
				LOCALIZATION_PREFERS_STRING_CATALOGS = YES;
				MTL_ENABLE_DEBUG_INFO = INCLUDE_SOURCE;
				MTL_FAST_MATH = YES;
				ONLY_ACTIVE_ARCH = YES;
				SDKROOT = xros;
				SWIFT_ACTIVE_COMPILATION_CONDITIONS = "DEBUG $(inherited)";
				SWIFT_OPTIMIZATION_LEVEL = "-Onone";
				XROS_DEPLOYMENT_TARGET = 2.2;
			};
			name = Debug;
		};
		F5C845CC2E0B3B1200A22691 /* Release */ = {
			isa = XCBuildConfiguration;
			buildSettings = {
				ALWAYS_SEARCH_USER_PATHS = NO;
				ASSETCATALOG_COMPILER_GENERATE_SWIFT_ASSET_SYMBOL_EXTENSIONS = YES;
				CLANG_ANALYZER_NONNULL = YES;
				CLANG_ANALYZER_NUMBER_OBJECT_CONVERSION = YES_AGGRESSIVE;
				CLANG_CXX_LANGUAGE_STANDARD = "gnu++20";
				CLANG_ENABLE_MODULES = YES;
				CLANG_ENABLE_OBJC_ARC = YES;
				CLANG_ENABLE_OBJC_WEAK = YES;
				CLANG_WARN_BLOCK_CAPTURE_AUTORELEASING = YES;
				CLANG_WARN_BOOL_CONVERSION = YES;
				CLANG_WARN_COMMA = YES;
				CLANG_WARN_CONSTANT_CONVERSION = YES;
				CLANG_WARN_DEPRECATED_OBJC_IMPLEMENTATIONS = YES;
				CLANG_WARN_DIRECT_OBJC_ISA_USAGE = YES_ERROR;
				CLANG_WARN_DOCUMENTATION_COMMENTS = YES;
				CLANG_WARN_EMPTY_BODY = YES;
				CLANG_WARN_ENUM_CONVERSION = YES;
				CLANG_WARN_INFINITE_RECURSION = YES;
				CLANG_WARN_INT_CONVERSION = YES;
				CLANG_WARN_NON_LITERAL_NULL_CONVERSION = YES;
				CLANG_WARN_OBJC_IMPLICIT_RETAIN_SELF = YES;
				CLANG_WARN_OBJC_LITERAL_CONVERSION = YES;
				CLANG_WARN_OBJC_ROOT_CLASS = YES_ERROR;
				CLANG_WARN_QUOTED_INCLUDE_IN_FRAMEWORK_HEADER = YES;
				CLANG_WARN_RANGE_LOOP_ANALYSIS = YES;
				CLANG_WARN_STRICT_PROTOTYPES = YES;
				CLANG_WARN_SUSPICIOUS_MOVE = YES;
				CLANG_WARN_UNGUARDED_AVAILABILITY = YES_AGGRESSIVE;
				CLANG_WARN_UNREACHABLE_CODE = YES;
				CLANG_WARN__DUPLICATE_METHOD_MATCH = YES;
				COPY_PHASE_STRIP = NO;
				DEBUG_INFORMATION_FORMAT = "dwarf-with-dsym";
				ENABLE_NS_ASSERTIONS = NO;
				ENABLE_STRICT_OBJC_MSGSEND = YES;
				ENABLE_USER_SCRIPT_SANDBOXING = YES;
				GCC_C_LANGUAGE_STANDARD = gnu17;
				GCC_NO_COMMON_BLOCKS = YES;
				GCC_WARN_64_TO_32_BIT_CONVERSION = YES;
				GCC_WARN_ABOUT_RETURN_TYPE = YES_ERROR;
				GCC_WARN_UNDECLARED_SELECTOR = YES;
				GCC_WARN_UNINITIALIZED_AUTOS = YES_AGGRESSIVE;
				GCC_WARN_UNUSED_FUNCTION = YES;
				GCC_WARN_UNUSED_VARIABLE = YES;
				LOCALIZATION_PREFERS_STRING_CATALOGS = YES;
				MTL_ENABLE_DEBUG_INFO = NO;
				MTL_FAST_MATH = YES;
				SDKROOT = xros;
				SWIFT_COMPILATION_MODE = wholemodule;
				VALIDATE_PRODUCT = YES;
				XROS_DEPLOYMENT_TARGET = 2.2;
			};
			name = Release;
		};
		F5C845CE2E0B3B1200A22691 /* Debug */ = {
			isa = XCBuildConfiguration;
			buildSettings = {
				BUNDLE_LOADER = "$(TEST_HOST)";
				CODE_SIGN_STYLE = Automatic;
				CURRENT_PROJECT_VERSION = 1;
				GENERATE_INFOPLIST_FILE = YES;
				MARKETING_VERSION = 1.0;
				PRODUCT_BUNDLE_IDENTIFIER = com.it21234484.SweatSyncV2VisionTests;
				PRODUCT_NAME = "$(TARGET_NAME)";
				SUPPORTED_PLATFORMS = "xros xrsimulator";
				SWIFT_EMIT_LOC_STRINGS = NO;
				SWIFT_VERSION = 5.0;
				TARGETED_DEVICE_FAMILY = 7;
				TEST_HOST = "$(BUILT_PRODUCTS_DIR)/SweatSyncV2Vision.app/$(BUNDLE_EXECUTABLE_FOLDER_PATH)/SweatSyncV2Vision";
				XROS_DEPLOYMENT_TARGET = 2.2;
			};
			name = Debug;
		};
		F5C845CF2E0B3B1200A22691 /* Release */ = {
			isa = XCBuildConfiguration;
			buildSettings = {
				BUNDLE_LOADER = "$(TEST_HOST)";
				CODE_SIGN_STYLE = Automatic;
				CURRENT_PROJECT_VERSION = 1;
				GENERATE_INFOPLIST_FILE = YES;
				MARKETING_VERSION = 1.0;
				PRODUCT_BUNDLE_IDENTIFIER = com.it21234484.SweatSyncV2VisionTests;
				PRODUCT_NAME = "$(TARGET_NAME)";
				SUPPORTED_PLATFORMS = "xros xrsimulator";
				SWIFT_EMIT_LOC_STRINGS = NO;
				SWIFT_VERSION = 5.0;
				TARGETED_DEVICE_FAMILY = 7;
				TEST_HOST = "$(BUILT_PRODUCTS_DIR)/SweatSyncV2Vision.app/$(BUNDLE_EXECUTABLE_FOLDER_PATH)/SweatSyncV2Vision";
				XROS_DEPLOYMENT_TARGET = 2.2;
			};
			name = Release;
		};
/* End XCBuildConfiguration section */

/* Begin XCConfigurationList section */
		F5C845A12E0B3B0F00A22691 /* Build configuration list for PBXProject "SweatSyncV2Vision" */ = {
			isa = XCConfigurationList;
			buildConfigurations = (
				F5C845CB2E0B3B1200A22691 /* Debug */,
				F5C845CC2E0B3B1200A22691 /* Release */,
			);
			defaultConfigurationIsVisible = 0;
			defaultConfigurationName = Release;
		};
		F5C845C82E0B3B1200A22691 /* Build configuration list for PBXNativeTarget "SweatSyncV2Vision" */ = {
			isa = XCConfigurationList;
			buildConfigurations = (
				F5C845C92E0B3B1200A22691 /* Debug */,
				F5C845CA2E0B3B1200A22691 /* Release */,
			);
			defaultConfigurationIsVisible = 0;
			defaultConfigurationName = Release;
		};
		F5C845CD2E0B3B1200A22691 /* Build configuration list for PBXNativeTarget "SweatSyncV2VisionTests" */ = {
			isa = XCConfigurationList;
			buildConfigurations = (
				F5C845CE2E0B3B1200A22691 /* Debug */,
				F5C845CF2E0B3B1200A22691 /* Release */,
			);
			defaultConfigurationIsVisible = 0;
			defaultConfigurationName = Release;
		};
/* End XCConfigurationList section */

/* Begin XCSwiftPackageProductDependency section */
		F5C845AB2E0B3B1000A22691 /* RealityKitContent */ = {
			isa = XCSwiftPackageProductDependency;
			productName = RealityKitContent;
		};
/* End XCSwiftPackageProductDependency section */
	};
	rootObject = F5C8459E2E0B3B0F00A22691 /* Project object */;
}
